# THIS IS AN AUTOGENERATED FILE. DO NOT EDIT THIS FILE DIRECTLY.
# yarn lockfile v1


typescript@^4.0.0-dev.20200521:
  version "4.0.0-dev.20200521"
  resolved "https://registry.yarnpkg.com/typescript/-/typescript-4.0.0-dev.20200521.tgz#8fd33167572f33d71c4cda4ed81799149c105270"
  integrity sha512-J/AxSHSw7St+S5TbSSQwFUxZedleqOGawQ1y0aublUSbUrJu4lujq2uy/Q1alUkuPYaIKXWzT8MsVh0gwe6jDA==
